# This file is automatically @generated by Cargo.
# It is not intended for manual editing.
version = 3

[[package]]
name = "accurate"
version = "0.3.1"
source = "registry+https://github.com/rust-lang/crates.io-index"
checksum = "4f209f0bc218ee6cf50db56ec0d9fe10b3cbfb6f3900d019b36c8fdb6d3bc03e"
dependencies = [
 "cfg-if",
 "ieee754",
 "num-traits",
]

[[package]]
name = "adler2"
version = "2.0.0"
source = "registry+https://github.com/rust-lang/crates.io-index"
checksum = "512761e0bb2578dd7380c6baaa0f4ce03e84f95e960231d1dec8bf4d7d6e2627"

[[package]]
name = "approx"
version = "0.5.1"
source = "registry+https://github.com/rust-lang/crates.io-index"
checksum = "cab112f0a86d568ea0e627cc1d6be74a1e9cd55214684db5561995f6dad897c6"
dependencies = [
 "num-traits",
]

[[package]]
name = "arbitrary"
version = "1.4.1"
source = "registry+https://github.com/rust-lang/crates.io-index"
checksum = "dde20b3d026af13f561bdd0f15edf01fc734f0dafcedbaf42bba506a9517f223"
dependencies = [
 "derive_arbitrary",
]

[[package]]
name = "atomic-polyfill"
version = "1.0.3"
source = "registry+https://github.com/rust-lang/crates.io-index"
checksum = "8cf2bce30dfe09ef0bfaef228b9d414faaf7e563035494d7fe092dba54b300f4"
dependencies = [
 "critical-section",
]

[[package]]
name = "autocfg"
version = "1.4.0"
source = "registry+https://github.com/rust-lang/crates.io-index"
checksum = "ace50bade8e6234aa140d9a2f552bbee1db4d353f69b8217bc503490fc1a9f26"

[[package]]
name = "bumpalo"
version = "3.17.0"
source = "registry+https://github.com/rust-lang/crates.io-index"
checksum = "1628fb46dfa0b37568d12e5edd512553eccf6a22a78e8bde00bb4aed84d5bdbf"

[[package]]
name = "byteorder"
version = "1.5.0"
source = "registry+https://github.com/rust-lang/crates.io-index"
checksum = "1fd0f2584146f6f2ef48085050886acf353beff7305ebd1ae69500e27c67f64b"

[[package]]
name = "bzip2"
version = "0.5.2"
source = "registry+https://github.com/rust-lang/crates.io-index"
checksum = "49ecfb22d906f800d4fe833b6282cf4dc1c298f5057ca0b5445e5c209735ca47"
dependencies = [
 "bzip2-sys",
]

[[package]]
name = "bzip2-sys"
version = "0.1.13+1.0.8"
source = "registry+https://github.com/rust-lang/crates.io-index"
checksum = "225bff33b2141874fe80d71e07d6eec4f85c5c216453dd96388240f96e1acc14"
dependencies = [
 "cc",
 "pkg-config",
]

[[package]]
name = "cc"
version = "1.2.16"
source = "registry+https://github.com/rust-lang/crates.io-index"
checksum = "be714c154be609ec7f5dad223a33bf1482fff90472de28f7362806e6d4832b8c"
dependencies = [
 "jobserver",
 "libc",
 "shlex",
]

[[package]]
name = "cfg-if"
version = "1.0.0"
source = "registry+https://github.com/rust-lang/crates.io-index"
checksum = "baf1de4339761588bc0619e3cbc0120ee582ebb74b53b4efbf79117bd2da40fd"

[[package]]
name = "crc32fast"
version = "1.4.2"
source = "registry+https://github.com/rust-lang/crates.io-index"
checksum = "a97769d94ddab943e4510d138150169a2758b5ef3eb191a9ee688de3e23ef7b3"
dependencies = [
 "cfg-if",
]

[[package]]
name = "critical-section"
version = "1.2.0"
source = "registry+https://github.com/rust-lang/crates.io-index"
checksum = "790eea4361631c5e7d22598ecd5723ff611904e3344ce8720784c93e3d83d40b"

[[package]]
name = "crossbeam-utils"
version = "0.8.21"
source = "registry+https://github.com/rust-lang/crates.io-index"
checksum = "d0a5c400df2834b80a4c3327b3aad3a4c4cd4de0629063962b03235697506a28"

[[package]]
name = "deranged"
version = "0.3.11"
source = "registry+https://github.com/rust-lang/crates.io-index"
checksum = "b42b6fa04a440b495c8b04d0e71b707c585f83cb9cb28cf8cd0d976c315e31b4"
dependencies = [
 "powerfmt",
]

[[package]]
name = "derive_arbitrary"
version = "1.4.1"
source = "registry+https://github.com/rust-lang/crates.io-index"
checksum = "30542c1ad912e0e3d22a1935c290e12e8a29d704a420177a31faad4a601a0800"
dependencies = [
 "proc-macro2",
 "quote",
 "syn",
]

[[package]]
name = "displaydoc"
version = "0.2.5"
source = "registry+https://github.com/rust-lang/crates.io-index"
checksum = "97369cbbc041bc366949bc74d34658d6cda5621039731c6310521892a3a20ae0"
dependencies = [
 "proc-macro2",
 "quote",
 "syn",
]

[[package]]
name = "equivalent"
version = "1.0.2"
source = "registry+https://github.com/rust-lang/crates.io-index"
checksum = "877a4ace8713b0bcf2a4e7eec82529c029f1d0619886d18145fea96c3ffe5c0f"

[[package]]
name = "fielder"
version = "0.1.0"
dependencies = [
 "geo",
 "geo-types",
 "kml",
 "serde",
 "serde_json",
 "wkt",
]

[[package]]
name = "flate2"
version = "1.1.0"
source = "registry+https://github.com/rust-lang/crates.io-index"
checksum = "11faaf5a5236997af9848be0bef4db95824b1d534ebc64d0f0c6cf3e67bd38dc"
dependencies = [
 "crc32fast",
 "miniz_oxide",
]

[[package]]
name = "float_next_after"
version = "0.1.5"
source = "registry+https://github.com/rust-lang/crates.io-index"
checksum = "4fc612c5837986b7104a87a0df74a5460931f1c5274be12f8d0f40aa2f30d632"
dependencies = [
 "num-traits",
]

[[package]]
name = "geo"
version = "0.21.0"
source = "registry+https://github.com/rust-lang/crates.io-index"
checksum = "20f1cd8cc66ae5c52a2b9328e3562adde921b203a10d6ea0ac24c349de4c42c4"
dependencies = [
 "float_next_after",
 "geo-types",
 "geographiclib-rs",
 "log",
 "num-traits",
 "robust",
 "rstar",
]

[[package]]
name = "geo-types"
version = "0.7.15"
source = "registry+https://github.com/rust-lang/crates.io-index"
checksum = "3bd1157f0f936bf0cd68dec91e8f7c311afe60295574d62b70d4861a1bfdf2d9"
dependencies = [
 "approx",
 "num-traits",
 "rstar",
 "serde",
]

[[package]]
name = "geographiclib-rs"
version = "0.2.4"
source = "registry+https://github.com/rust-lang/crates.io-index"
checksum = "e6e5ed84f8089c70234b0a8e0aedb6dc733671612ddc0d37c6066052f9781960"
dependencies = [
 "accurate",
 "libm",
]

[[package]]
name = "hash32"
version = "0.2.1"
source = "registry+https://github.com/rust-lang/crates.io-index"
checksum = "b0c35f58762feb77d74ebe43bdbc3210f09be9fe6742234d573bacc26ed92b67"
dependencies = [
 "byteorder",
]

[[package]]
name = "hashbrown"
version = "0.15.2"
source = "registry+https://github.com/rust-lang/crates.io-index"
checksum = "bf151400ff0baff5465007dd2f3e717f3fe502074ca563069ce3a6629d07b289"

[[package]]
name = "heapless"
version = "0.7.17"
source = "registry+https://github.com/rust-lang/crates.io-index"
checksum = "cdc6457c0eb62c71aac4bc17216026d8410337c4126773b9c5daba343f17964f"
dependencies = [
 "atomic-polyfill",
 "hash32",
 "rustc_version",
 "spin",
 "stable_deref_trait",
]

[[package]]
name = "ieee754"
version = "0.2.6"
source = "registry+https://github.com/rust-lang/crates.io-index"
checksum = "9007da9cacbd3e6343da136e98b0d2df013f553d35bdec8b518f07bea768e19c"

[[package]]
name = "indexmap"
version = "2.7.1"
source = "registry+https://github.com/rust-lang/crates.io-index"
checksum = "8c9c992b02b5b4c94ea26e32fe5bccb7aa7d9f390ab5c1221ff895bc7ea8b652"
dependencies = [
 "equivalent",
 "hashbrown",
]

[[package]]
name = "itoa"
version = "1.0.15"
source = "registry+https://github.com/rust-lang/crates.io-index"
checksum = "4a5f13b858c8d314ee3e8f639011f7ccefe71f97f96e50151fb991f267928e2c"

[[package]]
name = "jobserver"
version = "0.1.32"
source = "registry+https://github.com/rust-lang/crates.io-index"
checksum = "48d1dbcbbeb6a7fec7e059840aa538bd62aaccf972c7346c4d9d2059312853d0"
dependencies = [
 "libc",
]

[[package]]
name = "kml"
version = "0.8.7"
source = "registry+https://github.com/rust-lang/crates.io-index"
checksum = "15ee323a0101f0a088261d45379c1127038a0df04991975e76c4ce427b4bfd6d"
dependencies = [
 "geo-types",
 "num-traits",
 "quick-xml",
 "thiserror 1.0.69",
 "zip",
]

[[package]]
name = "libc"
version = "0.2.170"
source = "registry+https://github.com/rust-lang/crates.io-index"
checksum = "875b3680cb2f8f71bdcf9a30f38d48282f5d3c95cbf9b3fa57269bb5d5c06828"

[[package]]
name = "libm"
version = "0.2.11"
source = "registry+https://github.com/rust-lang/crates.io-index"
checksum = "8355be11b20d696c8f18f6cc018c4e372165b1fa8126cef092399c9951984ffa"

[[package]]
name = "lock_api"
version = "0.4.12"
source = "registry+https://github.com/rust-lang/crates.io-index"
checksum = "07af8b9cdd281b7915f413fa73f29ebd5d55d0d3f0155584dade1ff18cea1b17"
dependencies = [
 "autocfg",
 "scopeguard",
]

[[package]]
name = "lockfree-object-pool"
version = "0.1.6"
source = "registry+https://github.com/rust-lang/crates.io-index"
checksum = "9374ef4228402d4b7e403e5838cb880d9ee663314b0a900d5a6aabf0c213552e"

[[package]]
name = "log"
version = "0.4.26"
source = "registry+https://github.com/rust-lang/crates.io-index"
checksum = "30bde2b3dc3671ae49d8e2e9f044c7c005836e7a023ee57cffa25ab82764bb9e"

[[package]]
name = "memchr"
version = "2.7.4"
source = "registry+https://github.com/rust-lang/crates.io-index"
checksum = "78ca9ab1a0babb1e7d5695e3530886289c18cf2f87ec19a575a0abdce112e3a3"

[[package]]
name = "miniz_oxide"
version = "0.8.5"
source = "registry+https://github.com/rust-lang/crates.io-index"
checksum = "8e3e04debbb59698c15bacbb6d93584a8c0ca9cc3213cb423d31f760d8843ce5"
dependencies = [
 "adler2",
]

[[package]]
name = "num-conv"
version = "0.1.0"
source = "registry+https://github.com/rust-lang/crates.io-index"
checksum = "51d515d32fb182ee37cda2ccdcb92950d6a3c2893aa280e540671c2cd0f3b1d9"

[[package]]
name = "num-traits"
version = "0.2.19"
source = "registry+https://github.com/rust-lang/crates.io-index"
checksum = "071dfc062690e90b734c0b2273ce72ad0ffa95f0c74596bc250dcfd960262841"
dependencies = [
 "autocfg",
 "libm",
]

[[package]]
name = "once_cell"
version = "1.20.3"
source = "registry+https://github.com/rust-lang/crates.io-index"
checksum = "945462a4b81e43c4e3ba96bd7b49d834c6f61198356aa858733bc4acf3cbe62e"

[[package]]
name = "pkg-config"
version = "0.3.32"
source = "registry+https://github.com/rust-lang/crates.io-index"
checksum = "7edddbd0b52d732b21ad9a5fab5c704c14cd949e5e9a1ec5929a24fded1b904c"

[[package]]
name = "powerfmt"
version = "0.2.0"
source = "registry+https://github.com/rust-lang/crates.io-index"
checksum = "439ee305def115ba05938db6eb1644ff94165c5ab5e9420d1c1bcedbba909391"

[[package]]
name = "proc-macro2"
version = "1.0.94"
source = "registry+https://github.com/rust-lang/crates.io-index"
checksum = "a31971752e70b8b2686d7e46ec17fb38dad4051d94024c88df49b667caea9c84"
dependencies = [
 "unicode-ident",
]

[[package]]
name = "quick-xml"
version = "0.37.2"
source = "registry+https://github.com/rust-lang/crates.io-index"
checksum = "165859e9e55f79d67b96c5d96f4e88b6f2695a1972849c15a6a3f5c59fc2c003"
dependencies = [
 "memchr",
]

[[package]]
name = "quote"
version = "1.0.39"
source = "registry+https://github.com/rust-lang/crates.io-index"
checksum = "c1f1914ce909e1658d9907913b4b91947430c7d9be598b15a1912935b8c04801"
dependencies = [
 "proc-macro2",
]

[[package]]
name = "robust"
version = "0.2.3"
source = "registry+https://github.com/rust-lang/crates.io-index"
checksum = "e5864e7ef1a6b7bcf1d6ca3f655e65e724ed3b52546a0d0a663c991522f552ea"

[[package]]
name = "rstar"
version = "0.9.3"
source = "registry+https://github.com/rust-lang/crates.io-index"
checksum = "b40f1bfe5acdab44bc63e6699c28b74f75ec43afb59f3eda01e145aff86a25fa"
dependencies = [
 "heapless",
 "num-traits",
 "smallvec",
]

[[package]]
name = "rustc_version"
version = "0.4.1"
source = "registry+https://github.com/rust-lang/crates.io-index"
checksum = "cfcb3a22ef46e85b45de6ee7e79d063319ebb6594faafcf1c225ea92ab6e9b92"
dependencies = [
 "semver",
]

[[package]]
name = "ryu"
version = "1.0.20"
source = "registry+https://github.com/rust-lang/crates.io-index"
checksum = "28d3b2b1366ec20994f1fd18c3c594f05c5dd4bc44d8bb0c1c632c8d6829481f"

[[package]]
name = "scopeguard"
version = "1.2.0"
source = "registry+https://github.com/rust-lang/crates.io-index"
checksum = "94143f37725109f92c262ed2cf5e59bce7498c01bcc1502d7b9afe439a4e9f49"

[[package]]
name = "semver"
version = "1.0.26"
source = "registry+https://github.com/rust-lang/crates.io-index"
checksum = "56e6fa9c48d24d85fb3de5ad847117517440f6beceb7798af16b4a87d616b8d0"

[[package]]
name = "serde"
version = "1.0.218"
source = "registry+https://github.com/rust-lang/crates.io-index"
checksum = "e8dfc9d19bdbf6d17e22319da49161d5d0108e4188e8b680aef6299eed22df60"
dependencies = [
 "serde_derive",
]

[[package]]
name = "serde_derive"
version = "1.0.218"
source = "registry+https://github.com/rust-lang/crates.io-index"
checksum = "f09503e191f4e797cb8aac08e9a4a4695c5edf6a2e70e376d961ddd5c969f82b"
dependencies = [
 "proc-macro2",
 "quote",
 "syn",
]

[[package]]
name = "serde_json"
version = "1.0.140"
source = "registry+https://github.com/rust-lang/crates.io-index"
checksum = "20068b6e96dc6c9bd23e01df8827e6c7e1f2fddd43c21810382803c136b99373"
dependencies = [
 "itoa",
 "memchr",
 "ryu",
 "serde",
]

[[package]]
name = "shlex"
version = "1.3.0"
source = "registry+https://github.com/rust-lang/crates.io-index"
checksum = "0fda2ff0d084019ba4d7c6f371c95d8fd75ce3524c3cb8fb653a3023f6323e64"

[[package]]
name = "simd-adler32"
version = "0.3.7"
source = "registry+https://github.com/rust-lang/crates.io-index"
checksum = "d66dc143e6b11c1eddc06d5c423cfc97062865baf299914ab64caa38182078fe"

[[package]]
name = "smallvec"
version = "1.14.0"
source = "registry+https://github.com/rust-lang/crates.io-index"
checksum = "7fcf8323ef1faaee30a44a340193b1ac6814fd9b7b4e88e9d4519a3e4abe1cfd"

[[package]]
name = "spin"
version = "0.9.8"
source = "registry+https://github.com/rust-lang/crates.io-index"
checksum = "6980e8d7511241f8acf4aebddbb1ff938df5eebe98691418c4468d0b72a96a67"
dependencies = [
 "lock_api",
]

[[package]]
name = "stable_deref_trait"
version = "1.2.0"
source = "registry+https://github.com/rust-lang/crates.io-index"
checksum = "a8f112729512f8e442d81f95a8a7ddf2b7c6b8a1a6f509a95864142b30cab2d3"

[[package]]
name = "syn"
version = "2.0.99"
source = "registry+https://github.com/rust-lang/crates.io-index"
checksum = "e02e925281e18ffd9d640e234264753c43edc62d64b2d4cf898f1bc5e75f3fc2"
dependencies = [
 "proc-macro2",
 "quote",
 "unicode-ident",
]

[[package]]
name = "thiserror"
version = "1.0.69"
source = "registry+https://github.com/rust-lang/crates.io-index"
checksum = "b6aaf5339b578ea85b50e080feb250a3e8ae8cfcdff9a461c9ec2904bc923f52"
dependencies = [
 "thiserror-impl 1.0.69",
]

[[package]]
name = "thiserror"
version = "2.0.12"
source = "registry+https://github.com/rust-lang/crates.io-index"
checksum = "567b8a2dae586314f7be2a752ec7474332959c6460e02bde30d702a66d488708"
dependencies = [
 "thiserror-impl 2.0.12",
]

[[package]]
name = "thiserror-impl"
version = "1.0.69"
source = "registry+https://github.com/rust-lang/crates.io-index"
checksum = "4fee6c4efc90059e10f81e6d42c60a18f76588c3d74cb83a0b242a2b6c7504c1"
dependencies = [
 "proc-macro2",
 "quote",
 "syn",
]

[[package]]
name = "thiserror-impl"
version = "2.0.12"
source = "registry+https://github.com/rust-lang/crates.io-index"
checksum = "7f7cf42b4507d8ea322120659672cf1b9dbb93f8f2d4ecfd6e51350ff5b17a1d"
dependencies = [
 "proc-macro2",
 "quote",
 "syn",
]

[[package]]
name = "time"
version = "0.3.39"
source = "registry+https://github.com/rust-lang/crates.io-index"
checksum = "dad298b01a40a23aac4580b67e3dbedb7cc8402f3592d7f49469de2ea4aecdd8"
dependencies = [
 "deranged",
 "num-conv",
 "powerfmt",
 "serde",
 "time-core",
]

[[package]]
name = "time-core"
version = "0.1.3"
source = "registry+https://github.com/rust-lang/crates.io-index"
checksum = "765c97a5b985b7c11d7bc27fa927dc4fe6af3a6dfb021d28deb60d3bf51e76ef"

[[package]]
name = "unicode-ident"
version = "1.0.18"
source = "registry+https://github.com/rust-lang/crates.io-index"
checksum = "5a5f39404a5da50712a4c1eecf25e90dd62b613502b7e925fd4e4d19b5c96512"

[[package]]
name = "wkt"
version = "0.10.3"
source = "registry+https://github.com/rust-lang/crates.io-index"
checksum = "c3c2252781f8927974e8ba6a67c965a759a2b88ea2b1825f6862426bbb1c8f41"
dependencies = [
 "geo-types",
 "log",
 "num-traits",
 "serde",
 "thiserror 1.0.69",
]

[[package]]
name = "zip"
version = "2.2.3"
source = "registry+https://github.com/rust-lang/crates.io-index"
checksum = "b280484c454e74e5fff658bbf7df8fdbe7a07c6b2de4a53def232c15ef138f3a"
dependencies = [
 "arbitrary",
 "bzip2",
 "crc32fast",
 "crossbeam-utils",
 "displaydoc",
 "flate2",
 "indexmap",
 "memchr",
 "thiserror 2.0.12",
 "time",
 "zopfli",
 "zstd",
]

[[package]]
name = "zopfli"
version = "0.8.1"
source = "registry+https://github.com/rust-lang/crates.io-index"
checksum = "e5019f391bac5cf252e93bbcc53d039ffd62c7bfb7c150414d61369afe57e946"
dependencies = [
 "bumpalo",
 "crc32fast",
 "lockfree-object-pool",
 "log",
 "once_cell",
 "simd-adler32",
]

[[package]]
name = "zstd"
version = "0.13.3"
source = "registry+https://github.com/rust-lang/crates.io-index"
checksum = "e91ee311a569c327171651566e07972200e76fcfe2242a4fa446149a3881c08a"
dependencies = [
 "zstd-safe",
]

[[package]]
name = "zstd-safe"
version = "7.2.3"
source = "registry+https://github.com/rust-lang/crates.io-index"
checksum = "f3051792fbdc2e1e143244dc28c60f73d8470e93f3f9cbd0ead44da5ed802722"
dependencies = [
 "zstd-sys",
]

[[package]]
name = "zstd-sys"
version = "2.0.14+zstd.1.5.7"
source = "registry+https://github.com/rust-lang/crates.io-index"
checksum = "8fb060d4926e4ac3a3ad15d864e99ceb5f343c6b34f5bd6d81ae6ed417311be5"
dependencies = [
 "cc",
 "pkg-config",
]
